
Microsoft Visual Studio Solution File, Format Version 12.00
# Visual Studio Version 17
VisualStudioVersion = 17.11.35303.130
MinimumVisualStudioVersion = 10.0.40219.1
Project("{FAE04EC0-301F-11D3-BF4B-00C04F79EFBC}") = "QUANLYRAPCHIEUPHIM", "QUANLYRAPCHIEUPHIM.csproj", "{B37311B6-EAA5-4E6B-94DF-709F23DD8880}"
EndProject
Global
	GlobalSection(SolutionConfigurationPlatforms) = preSolution
		Debug|Any CPU = Debug|Any CPU
		Release|Any CPU = Release|Any CPU
	EndGlobalSection
	GlobalSection(ProjectConfigurationPlatforms) = postSolution
		{B37311B6-EAA5-4E6B-94DF-709F23DD8880}.Debug|Any CPU.ActiveCfg = Debug|Any CPU
		{B37311B6-EAA5-4E6B-94DF-709F23DD8880}.Debug|Any CPU.Build.0 = Debug|Any CPU
		{B37311B6-EAA5-4E6B-94DF-709F23DD8880}.Release|Any CPU.ActiveCfg = Release|Any CPU
		{B37311B6-EAA5-4E6B-94DF-709F23DD8880}.Release|Any CPU.Build.0 = Release|Any CPU
	EndGlobalSection
	GlobalSection(SolutionProperties) = preSolution
		HideSolutionNode = FALSE
	EndGlobalSection
	GlobalSection(ExtensibilityGlobals) = postSolution
		SolutionGuid = {8974A198-A52B-4E13-BAC6-E9B4424EDBA3}
	EndGlobalSection
EndGlobal
