
Microsoft Visual Studio Solution File, Format Version 12.00
# Visual Studio Version 17
VisualStudioVersion = 17.11.35327.3
MinimumVisualStudioVersion = 10.0.40219.1
Project("{FAE04EC0-301F-11D3-BF4B-00C04F79EFBC}") = "WebApplication1", "WebApplication1.csproj", "{7CC4AC95-7EB8-4412-8DCD-D7EF1721C27E}"
EndProject
Global
	GlobalSection(SolutionConfigurationPlatforms) = preSolution
		Debug|Any CPU = Debug|Any CPU
		Release|Any CPU = Release|Any CPU
	EndGlobalSection
	GlobalSection(ProjectConfigurationPlatforms) = postSolution
		{7CC4AC95-7EB8-4412-8DCD-D7EF1721C27E}.Debug|Any CPU.ActiveCfg = Debug|Any CPU
		{7CC4AC95-7EB8-4412-8DCD-D7EF1721C27E}.Debug|Any CPU.Build.0 = Debug|Any CPU
		{7CC4AC95-7EB8-4412-8DCD-D7EF1721C27E}.Release|Any CPU.ActiveCfg = Release|Any CPU
		{7CC4AC95-7EB8-4412-8DCD-D7EF1721C27E}.Release|Any CPU.Build.0 = Release|Any CPU
	EndGlobalSection
	GlobalSection(SolutionProperties) = preSolution
		HideSolutionNode = FALSE
	EndGlobalSection
	GlobalSection(ExtensibilityGlobals) = postSolution
		SolutionGuid = {39CC94C8-3D57-42D8-B4C3-7807548D2E7A}
	EndGlobalSection
EndGlobal
